
Microsoft Visual Studio Solution File, Format Version 12.00
# Visual Studio Version 17
VisualStudioVersion = 17.9.34723.18
MinimumVisualStudioVersion = 10.0.40219.1
Project("{FAE04EC0-301F-11D3-BF4B-00C04F79EFBC}") = "GymManagementSystem", "GymManagementSystem\GymManagementSystem.csproj", "{23E0B171-2BB8-4B3F-B2B2-3B0407AE48E4}"
EndProject
Global
	GlobalSection(SolutionConfigurationPlatforms) = preSolution
		Debug|Any CPU = Debug|Any CPU
		Release|Any CPU = Release|Any CPU
	EndGlobalSection
	GlobalSection(ProjectConfigurationPlatforms) = postSolution
		{23E0B171-2BB8-4B3F-B2B2-3B0407AE48E4}.Debug|Any CPU.ActiveCfg = Debug|Any CPU
		{23E0B171-2BB8-4B3F-B2B2-3B0407AE48E4}.Debug|Any CPU.Build.0 = Debug|Any CPU
		{23E0B171-2BB8-4B3F-B2B2-3B0407AE48E4}.Release|Any CPU.ActiveCfg = Release|Any CPU
		{23E0B171-2BB8-4B3F-B2B2-3B0407AE48E4}.Release|Any CPU.Build.0 = Release|Any CPU
	EndGlobalSection
	GlobalSection(SolutionProperties) = preSolution
		HideSolutionNode = FALSE
	EndGlobalSection
	GlobalSection(ExtensibilityGlobals) = postSolution
		SolutionGuid = {FA64AF66-B358-42BA-A2C1-545D1BC56D3B}
	EndGlobalSection
EndGlobal
